
Microsoft Visual Studio Solution File, Format Version 12.00
# Visual Studio Version 17
VisualStudioVersion = 17.3.32819.101
MinimumVisualStudioVersion = 10.0.40219.1
Project("{FAE04EC0-301F-11D3-BF4B-00C04F79EFBC}") = "Prey-predator", "Prey-predator\Prey-predator.csproj", "{E7148039-02E9-4C20-9FD6-39D5DCE24C81}"
EndProject
Global
	GlobalSection(SolutionConfigurationPlatforms) = preSolution
		Debug|Any CPU = Debug|Any CPU
		Release|Any CPU = Release|Any CPU
	EndGlobalSection
	GlobalSection(ProjectConfigurationPlatforms) = postSolution
		{E7148039-02E9-4C20-9FD6-39D5DCE24C81}.Debug|Any CPU.ActiveCfg = Debug|Any CPU
		{E7148039-02E9-4C20-9FD6-39D5DCE24C81}.Debug|Any CPU.Build.0 = Debug|Any CPU
		{E7148039-02E9-4C20-9FD6-39D5DCE24C81}.Release|Any CPU.ActiveCfg = Release|Any CPU
		{E7148039-02E9-4C20-9FD6-39D5DCE24C81}.Release|Any CPU.Build.0 = Release|Any CPU
	EndGlobalSection
	GlobalSection(SolutionProperties) = preSolution
		HideSolutionNode = FALSE
	EndGlobalSection
	GlobalSection(ExtensibilityGlobals) = postSolution
		SolutionGuid = {8F9F3509-2AE8-4C7D-B7E2-1ACD3C3FF9C5}
	EndGlobalSection
EndGlobal
